<?xml version="1.0" encoding="UTF-8"?>
<Scheme
   LastUpgradeVersion = "1420"
   version = "1.7">
   <BuildAction
      parallelizeBuildables = "YES"
      buildImplicitDependencies = "YES">
      <PostActions>
         <ExecutionAction
            ActionType = "Xcode.IDEStandardExecutionActionsCore.ExecutionActionType.ShellScriptAction">
            <ActionContent
               title = "Run Script"
               scriptText = "SLEEFELIB=&quot;${BUILT_PRODUCTS_DIR}/libsleefe.a&quot;&#10;cp -R &quot;${SLEEFELIB}&quot; &quot;${PROJECT_DIR}/../../../lib&quot;&#10;&#10;cp &quot;${PROJECT_DIR}/../../../src/lib/Sleefe.hpp&quot; &quot;${PROJECT_DIR}/../../../include/.&quot;&#10;cp &quot;${PROJECT_DIR}/../../../src/lib/UniSleefe.hpp&quot; &quot;${PROJECT_DIR}/../../../include/.&quot;&#10;cp &quot;${PROJECT_DIR}/../../../src/lib/UniSleefeBuilder.hpp&quot; &quot;${PROJECT_DIR}/../../../include/.&quot; &#10;&#10;SLEEFEDEMO=&quot;${BUILT_PRODUCTS_DIR}/${TARGET_NAME}&quot;&#10;cp &quot;${SLEEFEDEMO}&quot; &quot;${PROJECT_DIR}/../../../bin/.&quot;&#10;&#10;&#10;&#10;">
               <EnvironmentBuildable>
                  <BuildableReference
                     BuildableIdentifier = "primary"
                     BlueprintIdentifier = "99B1F7F5298DF7A200A0E2F4"
                     BuildableName = "sleefe-demo"
                     BlueprintName = "sleefe-demo"
                     ReferencedContainer = "container:sleefe.xcodeproj">
                  </BuildableReference>
               </EnvironmentBuildable>
            </ActionContent>
         </ExecutionAction>
      </PostActions>
      <BuildActionEntries>
         <BuildActionEntry
            buildForTesting = "YES"
            buildForRunning = "YES"
            buildForProfiling = "YES"
            buildForArchiving = "YES"
            buildForAnalyzing = "YES">
            <BuildableReference
               BuildableIdentifier = "primary"
               BlueprintIdentifier = "99B1F7F5298DF7A200A0E2F4"
               BuildableName = "sleefe-demo"
               BlueprintName = "sleefe-demo"
               ReferencedContainer = "container:sleefe.xcodeproj">
            </BuildableReference>
         </BuildActionEntry>
      </BuildActionEntries>
   </BuildAction>
   <TestAction
      buildConfiguration = "Debug"
      selectedDebuggerIdentifier = "Xcode.DebuggerFoundation.Debugger.LLDB"
      selectedLauncherIdentifier = "Xcode.DebuggerFoundation.Launcher.LLDB"
      shouldUseLaunchSchemeArgsEnv = "YES">
      <Testables>
      </Testables>
   </TestAction>
   <LaunchAction
      buildConfiguration = "Debug"
      selectedDebuggerIdentifier = "Xcode.DebuggerFoundation.Debugger.LLDB"
      selectedLauncherIdentifier = "Xcode.DebuggerFoundation.Launcher.LLDB"
      launchStyle = "0"
      useCustomWorkingDirectory = "NO"
      ignoresPersistentStateOnLaunch = "NO"
      debugDocumentVersioning = "YES"
      debugServiceExtension = "internal"
      allowLocationSimulation = "YES"
      viewDebuggingEnabled = "No">
      <BuildableProductRunnable
         runnableDebuggingMode = "0">
         <BuildableReference
            BuildableIdentifier = "primary"
            BlueprintIdentifier = "99B1F7F5298DF7A200A0E2F4"
            BuildableName = "sleefe-demo"
            BlueprintName = "sleefe-demo"
            ReferencedContainer = "container:sleefe.xcodeproj">
         </BuildableReference>
      </BuildableProductRunnable>
   </LaunchAction>
   <ProfileAction
      buildConfiguration = "Release"
      shouldUseLaunchSchemeArgsEnv = "YES"
      savedToolIdentifier = ""
      useCustomWorkingDirectory = "NO"
      debugDocumentVersioning = "YES">
      <BuildableProductRunnable
         runnableDebuggingMode = "0">
         <BuildableReference
            BuildableIdentifier = "primary"
            BlueprintIdentifier = "99B1F7F5298DF7A200A0E2F4"
            BuildableName = "sleefe-demo"
            BlueprintName = "sleefe-demo"
            ReferencedContainer = "container:sleefe.xcodeproj">
         </BuildableReference>
      </BuildableProductRunnable>
   </ProfileAction>
   <AnalyzeAction
      buildConfiguration = "Debug">
   </AnalyzeAction>
   <ArchiveAction
      buildConfiguration = "Release"
      revealArchiveInOrganizer = "YES">
   </ArchiveAction>
</Scheme>
